
Microsoft Visual Studio Solution File, Format Version 12.00
# Visual Studio 2012
Project("{FAE04EC0-301F-11D3-BF4B-00C04F79EFBC}") = "NoisedCore", "NoisedCore\NoisedCore.csproj", "{8785A9C8-505A-4069-8620-72F5228C6A51}"
EndProject
Project("{FAE04EC0-301F-11D3-BF4B-00C04F79EFBC}") = "NoisedLogging", "NoisedLogging\NoisedLogging.csproj", "{89E504E4-0EE9-4F62-8077-8C874836BF55}"
EndProject
Project("{2150E333-8FDC-42A3-9474-1A3956D46DE8}") = "NoisedPlugins", "NoisedPlugins", "{D089826F-A431-4376-B4C9-C916AE7D224C}"
EndProject
Project("{2150E333-8FDC-42A3-9474-1A3956D46DE8}") = "Audio", "Audio", "{B1DF6F0A-585C-4C1A-864A-5F03FD3BBE2D}"
EndProject
Project("{FAE04EC0-301F-11D3-BF4B-00C04F79EFBC}") = "Dummy", "NoisedPlugins\Audio\Dummy\Dummy.csproj", "{155A04DA-1939-4B1E-A8C2-90E120591DBC}"
EndProject
Project("{8BC9CEB8-8B4A-11D0-8D11-00A0C91BC942}") = "GStreamerCpp", "NoisedPlugins\Audio\GStreamer\cpp\GStreamerCpp.vcxproj", "{A3290B02-1729-4512-84F4-3732CF0C463B}"
EndProject
Project("{FAE04EC0-301F-11D3-BF4B-00C04F79EFBC}") = "GStreamer", "NoisedPlugins\Audio\GStreamer\GStreamer.csproj", "{F65517E0-5F4D-4D4F-80A8-B48938654FEC}"
	ProjectSection(ProjectDependencies) = postProject
		{A3290B02-1729-4512-84F4-3732CF0C463B} = {A3290B02-1729-4512-84F4-3732CF0C463B}
	EndProjectSection
EndProject
Project("{2150E333-8FDC-42A3-9474-1A3956D46DE8}") = "Commands", "Commands", "{D921B652-FD2D-4289-9347-6DE81D685A5C}"
EndProject
Project("{FAE04EC0-301F-11D3-BF4B-00C04F79EFBC}") = "CoreCommands", "NoisedPlugins\Commands\CoreCommands\CoreCommands.csproj", "{BF963A63-6D57-4A12-A24A-C82D296C4E3A}"
EndProject
Project("{2150E333-8FDC-42A3-9474-1A3956D46DE8}") = "Media", "Media", "{3C45F9DC-58A4-42C6-A53A-CEA047728462}"
EndProject
Project("{FAE04EC0-301F-11D3-BF4B-00C04F79EFBC}") = "FileSystemSource", "NoisedPlugins\Media\FileSystemSource\FileSystemSource.csproj", "{0A6BAF0B-E4A4-420F-94C5-C7DEE318048F}"
EndProject
Project("{2150E333-8FDC-42A3-9474-1A3956D46DE8}") = "Service", "Service", "{CA00A6B4-546F-47AF-BB2C-CCC2AA1C73F8}"
EndProject
Project("{FAE04EC0-301F-11D3-BF4B-00C04F79EFBC}") = "WebSocketsService", "NoisedPlugins\Service\WebSocketsService\WebSocketsService.csproj", "{EA096F36-9B32-47DE-A22D-7B9DDB75F17D}"
EndProject
Project("{FAE04EC0-301F-11D3-BF4B-00C04F79EFBC}") = "TcpService", "NoisedPlugins\Service\TcpService\TcpService.csproj", "{1D68867C-E2AD-45CA-B8A7-B8A17FB35380}"
EndProject
Project("{FAE04EC0-301F-11D3-BF4B-00C04F79EFBC}") = "NoisedServer", "NoisedServer\NoisedServer.csproj", "{D1C50DC6-1678-44B8-ADB5-B15F4CA197DE}"
EndProject
Project("{FAE04EC0-301F-11D3-BF4B-00C04F79EFBC}") = "NoisedTests", "NoisedTests\NoisedTests.csproj", "{B993406F-1BE1-4C1A-814B-0813618D4567}"
EndProject
Global
	GlobalSection(SolutionConfigurationPlatforms) = preSolution
		Debug|Any CPU = Debug|Any CPU
		Debug|Mixed Platforms = Debug|Mixed Platforms
		Debug|Win32 = Debug|Win32
		Release|Any CPU = Release|Any CPU
		Release|Mixed Platforms = Release|Mixed Platforms
		Release|Win32 = Release|Win32
	EndGlobalSection
	GlobalSection(ProjectConfigurationPlatforms) = postSolution
		{0A6BAF0B-E4A4-420F-94C5-C7DEE318048F}.Debug|Any CPU.ActiveCfg = Debug|Any CPU
		{0A6BAF0B-E4A4-420F-94C5-C7DEE318048F}.Debug|Any CPU.Build.0 = Debug|Any CPU
		{0A6BAF0B-E4A4-420F-94C5-C7DEE318048F}.Debug|Mixed Platforms.ActiveCfg = Debug|Any CPU
		{0A6BAF0B-E4A4-420F-94C5-C7DEE318048F}.Debug|Mixed Platforms.Build.0 = Debug|Any CPU
		{0A6BAF0B-E4A4-420F-94C5-C7DEE318048F}.Debug|Win32.ActiveCfg = Debug|Any CPU
		{0A6BAF0B-E4A4-420F-94C5-C7DEE318048F}.Release|Any CPU.ActiveCfg = Release|Any CPU
		{0A6BAF0B-E4A4-420F-94C5-C7DEE318048F}.Release|Any CPU.Build.0 = Release|Any CPU
		{0A6BAF0B-E4A4-420F-94C5-C7DEE318048F}.Release|Mixed Platforms.ActiveCfg = Release|Any CPU
		{0A6BAF0B-E4A4-420F-94C5-C7DEE318048F}.Release|Mixed Platforms.Build.0 = Release|Any CPU
		{0A6BAF0B-E4A4-420F-94C5-C7DEE318048F}.Release|Win32.ActiveCfg = Release|Any CPU
		{155A04DA-1939-4B1E-A8C2-90E120591DBC}.Debug|Any CPU.ActiveCfg = Debug|Any CPU
		{155A04DA-1939-4B1E-A8C2-90E120591DBC}.Debug|Any CPU.Build.0 = Debug|Any CPU
		{155A04DA-1939-4B1E-A8C2-90E120591DBC}.Debug|Mixed Platforms.ActiveCfg = Debug|Any CPU
		{155A04DA-1939-4B1E-A8C2-90E120591DBC}.Debug|Mixed Platforms.Build.0 = Debug|Any CPU
		{155A04DA-1939-4B1E-A8C2-90E120591DBC}.Debug|Win32.ActiveCfg = Debug|Any CPU
		{155A04DA-1939-4B1E-A8C2-90E120591DBC}.Release|Any CPU.ActiveCfg = Release|Any CPU
		{155A04DA-1939-4B1E-A8C2-90E120591DBC}.Release|Any CPU.Build.0 = Release|Any CPU
		{155A04DA-1939-4B1E-A8C2-90E120591DBC}.Release|Mixed Platforms.ActiveCfg = Release|Any CPU
		{155A04DA-1939-4B1E-A8C2-90E120591DBC}.Release|Mixed Platforms.Build.0 = Release|Any CPU
		{155A04DA-1939-4B1E-A8C2-90E120591DBC}.Release|Win32.ActiveCfg = Release|Any CPU
		{1D68867C-E2AD-45CA-B8A7-B8A17FB35380}.Debug|Any CPU.ActiveCfg = Debug|Any CPU
		{1D68867C-E2AD-45CA-B8A7-B8A17FB35380}.Debug|Any CPU.Build.0 = Debug|Any CPU
		{1D68867C-E2AD-45CA-B8A7-B8A17FB35380}.Debug|Mixed Platforms.ActiveCfg = Debug|Any CPU
		{1D68867C-E2AD-45CA-B8A7-B8A17FB35380}.Debug|Mixed Platforms.Build.0 = Debug|Any CPU
		{1D68867C-E2AD-45CA-B8A7-B8A17FB35380}.Debug|Win32.ActiveCfg = Debug|Any CPU
		{1D68867C-E2AD-45CA-B8A7-B8A17FB35380}.Release|Any CPU.ActiveCfg = Release|Any CPU
		{1D68867C-E2AD-45CA-B8A7-B8A17FB35380}.Release|Any CPU.Build.0 = Release|Any CPU
		{1D68867C-E2AD-45CA-B8A7-B8A17FB35380}.Release|Mixed Platforms.ActiveCfg = Release|Any CPU
		{1D68867C-E2AD-45CA-B8A7-B8A17FB35380}.Release|Mixed Platforms.Build.0 = Release|Any CPU
		{1D68867C-E2AD-45CA-B8A7-B8A17FB35380}.Release|Win32.ActiveCfg = Release|Any CPU
		{8785A9C8-505A-4069-8620-72F5228C6A51}.Debug|Any CPU.ActiveCfg = Debug|Any CPU
		{8785A9C8-505A-4069-8620-72F5228C6A51}.Debug|Any CPU.Build.0 = Debug|Any CPU
		{8785A9C8-505A-4069-8620-72F5228C6A51}.Debug|Mixed Platforms.ActiveCfg = Debug|Any CPU
		{8785A9C8-505A-4069-8620-72F5228C6A51}.Debug|Mixed Platforms.Build.0 = Debug|Any CPU
		{8785A9C8-505A-4069-8620-72F5228C6A51}.Debug|Win32.ActiveCfg = Debug|Any CPU
		{8785A9C8-505A-4069-8620-72F5228C6A51}.Release|Any CPU.ActiveCfg = Release|Any CPU
		{8785A9C8-505A-4069-8620-72F5228C6A51}.Release|Any CPU.Build.0 = Release|Any CPU
		{8785A9C8-505A-4069-8620-72F5228C6A51}.Release|Mixed Platforms.ActiveCfg = Release|Any CPU
		{8785A9C8-505A-4069-8620-72F5228C6A51}.Release|Mixed Platforms.Build.0 = Release|Any CPU
		{8785A9C8-505A-4069-8620-72F5228C6A51}.Release|Win32.ActiveCfg = Release|Any CPU
		{89E504E4-0EE9-4F62-8077-8C874836BF55}.Debug|Any CPU.ActiveCfg = Debug|Any CPU
		{89E504E4-0EE9-4F62-8077-8C874836BF55}.Debug|Any CPU.Build.0 = Debug|Any CPU
		{89E504E4-0EE9-4F62-8077-8C874836BF55}.Debug|Mixed Platforms.ActiveCfg = Debug|Any CPU
		{89E504E4-0EE9-4F62-8077-8C874836BF55}.Debug|Mixed Platforms.Build.0 = Debug|Any CPU
		{89E504E4-0EE9-4F62-8077-8C874836BF55}.Debug|Win32.ActiveCfg = Debug|Any CPU
		{89E504E4-0EE9-4F62-8077-8C874836BF55}.Release|Any CPU.ActiveCfg = Release|Any CPU
		{89E504E4-0EE9-4F62-8077-8C874836BF55}.Release|Any CPU.Build.0 = Release|Any CPU
		{89E504E4-0EE9-4F62-8077-8C874836BF55}.Release|Mixed Platforms.ActiveCfg = Release|Any CPU
		{89E504E4-0EE9-4F62-8077-8C874836BF55}.Release|Mixed Platforms.Build.0 = Release|Any CPU
		{89E504E4-0EE9-4F62-8077-8C874836BF55}.Release|Win32.ActiveCfg = Release|Any CPU
		{A3290B02-1729-4512-84F4-3732CF0C463B}.Debug|Any CPU.ActiveCfg = Debug|Win32
		{A3290B02-1729-4512-84F4-3732CF0C463B}.Debug|Mixed Platforms.ActiveCfg = Debug|Win32
		{A3290B02-1729-4512-84F4-3732CF0C463B}.Debug|Mixed Platforms.Build.0 = Debug|Win32
		{A3290B02-1729-4512-84F4-3732CF0C463B}.Debug|Win32.ActiveCfg = Debug|Win32
		{A3290B02-1729-4512-84F4-3732CF0C463B}.Debug|Win32.Build.0 = Debug|Win32
		{A3290B02-1729-4512-84F4-3732CF0C463B}.Release|Any CPU.ActiveCfg = Release|Win32
		{A3290B02-1729-4512-84F4-3732CF0C463B}.Release|Mixed Platforms.ActiveCfg = Release|Win32
		{A3290B02-1729-4512-84F4-3732CF0C463B}.Release|Mixed Platforms.Build.0 = Release|Win32
		{A3290B02-1729-4512-84F4-3732CF0C463B}.Release|Win32.ActiveCfg = Release|Win32
		{A3290B02-1729-4512-84F4-3732CF0C463B}.Release|Win32.Build.0 = Release|Win32
		{B993406F-1BE1-4C1A-814B-0813618D4567}.Debug|Any CPU.ActiveCfg = Debug|Any CPU
		{B993406F-1BE1-4C1A-814B-0813618D4567}.Debug|Any CPU.Build.0 = Debug|Any CPU
		{B993406F-1BE1-4C1A-814B-0813618D4567}.Debug|Mixed Platforms.ActiveCfg = Debug|Any CPU
		{B993406F-1BE1-4C1A-814B-0813618D4567}.Debug|Mixed Platforms.Build.0 = Debug|Any CPU
		{B993406F-1BE1-4C1A-814B-0813618D4567}.Debug|Win32.ActiveCfg = Debug|Any CPU
		{B993406F-1BE1-4C1A-814B-0813618D4567}.Debug|Win32.Build.0 = Debug|Any CPU
		{B993406F-1BE1-4C1A-814B-0813618D4567}.Release|Any CPU.ActiveCfg = Release|Any CPU
		{B993406F-1BE1-4C1A-814B-0813618D4567}.Release|Any CPU.Build.0 = Release|Any CPU
		{B993406F-1BE1-4C1A-814B-0813618D4567}.Release|Mixed Platforms.ActiveCfg = Release|Any CPU
		{B993406F-1BE1-4C1A-814B-0813618D4567}.Release|Mixed Platforms.Build.0 = Release|Any CPU
		{B993406F-1BE1-4C1A-814B-0813618D4567}.Release|Win32.ActiveCfg = Release|Any CPU
		{B993406F-1BE1-4C1A-814B-0813618D4567}.Release|Win32.Build.0 = Release|Any CPU
		{BF963A63-6D57-4A12-A24A-C82D296C4E3A}.Debug|Any CPU.ActiveCfg = Debug|Any CPU
		{BF963A63-6D57-4A12-A24A-C82D296C4E3A}.Debug|Any CPU.Build.0 = Debug|Any CPU
		{BF963A63-6D57-4A12-A24A-C82D296C4E3A}.Debug|Mixed Platforms.ActiveCfg = Debug|Any CPU
		{BF963A63-6D57-4A12-A24A-C82D296C4E3A}.Debug|Mixed Platforms.Build.0 = Debug|Any CPU
		{BF963A63-6D57-4A12-A24A-C82D296C4E3A}.Debug|Win32.ActiveCfg = Debug|Any CPU
		{BF963A63-6D57-4A12-A24A-C82D296C4E3A}.Release|Any CPU.ActiveCfg = Release|Any CPU
		{BF963A63-6D57-4A12-A24A-C82D296C4E3A}.Release|Any CPU.Build.0 = Release|Any CPU
		{BF963A63-6D57-4A12-A24A-C82D296C4E3A}.Release|Mixed Platforms.ActiveCfg = Release|Any CPU
		{BF963A63-6D57-4A12-A24A-C82D296C4E3A}.Release|Mixed Platforms.Build.0 = Release|Any CPU
		{BF963A63-6D57-4A12-A24A-C82D296C4E3A}.Release|Win32.ActiveCfg = Release|Any CPU
		{D1C50DC6-1678-44B8-ADB5-B15F4CA197DE}.Debug|Any CPU.ActiveCfg = Debug|Any CPU
		{D1C50DC6-1678-44B8-ADB5-B15F4CA197DE}.Debug|Any CPU.Build.0 = Debug|Any CPU
		{D1C50DC6-1678-44B8-ADB5-B15F4CA197DE}.Debug|Mixed Platforms.ActiveCfg = Debug|Any CPU
		{D1C50DC6-1678-44B8-ADB5-B15F4CA197DE}.Debug|Mixed Platforms.Build.0 = Debug|Any CPU
		{D1C50DC6-1678-44B8-ADB5-B15F4CA197DE}.Debug|Win32.ActiveCfg = Debug|Any CPU
		{D1C50DC6-1678-44B8-ADB5-B15F4CA197DE}.Release|Any CPU.ActiveCfg = Release|Any CPU
		{D1C50DC6-1678-44B8-ADB5-B15F4CA197DE}.Release|Any CPU.Build.0 = Release|Any CPU
		{D1C50DC6-1678-44B8-ADB5-B15F4CA197DE}.Release|Mixed Platforms.ActiveCfg = Release|Any CPU
		{D1C50DC6-1678-44B8-ADB5-B15F4CA197DE}.Release|Mixed Platforms.Build.0 = Release|Any CPU
		{D1C50DC6-1678-44B8-ADB5-B15F4CA197DE}.Release|Win32.ActiveCfg = Release|Any CPU
		{EA096F36-9B32-47DE-A22D-7B9DDB75F17D}.Debug|Any CPU.ActiveCfg = Debug|Any CPU
		{EA096F36-9B32-47DE-A22D-7B9DDB75F17D}.Debug|Any CPU.Build.0 = Debug|Any CPU
		{EA096F36-9B32-47DE-A22D-7B9DDB75F17D}.Debug|Mixed Platforms.ActiveCfg = Debug|Any CPU
		{EA096F36-9B32-47DE-A22D-7B9DDB75F17D}.Debug|Mixed Platforms.Build.0 = Debug|Any CPU
		{EA096F36-9B32-47DE-A22D-7B9DDB75F17D}.Debug|Win32.ActiveCfg = Debug|Any CPU
		{EA096F36-9B32-47DE-A22D-7B9DDB75F17D}.Release|Any CPU.ActiveCfg = Release|Any CPU
		{EA096F36-9B32-47DE-A22D-7B9DDB75F17D}.Release|Any CPU.Build.0 = Release|Any CPU
		{EA096F36-9B32-47DE-A22D-7B9DDB75F17D}.Release|Mixed Platforms.ActiveCfg = Release|Any CPU
		{EA096F36-9B32-47DE-A22D-7B9DDB75F17D}.Release|Mixed Platforms.Build.0 = Release|Any CPU
		{EA096F36-9B32-47DE-A22D-7B9DDB75F17D}.Release|Win32.ActiveCfg = Release|Any CPU
		{F65517E0-5F4D-4D4F-80A8-B48938654FEC}.Debug|Any CPU.ActiveCfg = Debug|Any CPU
		{F65517E0-5F4D-4D4F-80A8-B48938654FEC}.Debug|Any CPU.Build.0 = Debug|Any CPU
		{F65517E0-5F4D-4D4F-80A8-B48938654FEC}.Debug|Mixed Platforms.ActiveCfg = Debug|Any CPU
		{F65517E0-5F4D-4D4F-80A8-B48938654FEC}.Debug|Mixed Platforms.Build.0 = Debug|Any CPU
		{F65517E0-5F4D-4D4F-80A8-B48938654FEC}.Debug|Win32.ActiveCfg = Debug|Any CPU
		{F65517E0-5F4D-4D4F-80A8-B48938654FEC}.Release|Any CPU.ActiveCfg = Release|Any CPU
		{F65517E0-5F4D-4D4F-80A8-B48938654FEC}.Release|Any CPU.Build.0 = Release|Any CPU
		{F65517E0-5F4D-4D4F-80A8-B48938654FEC}.Release|Mixed Platforms.ActiveCfg = Release|Any CPU
		{F65517E0-5F4D-4D4F-80A8-B48938654FEC}.Release|Mixed Platforms.Build.0 = Release|Any CPU
		{F65517E0-5F4D-4D4F-80A8-B48938654FEC}.Release|Win32.ActiveCfg = Release|Any CPU
	EndGlobalSection
	GlobalSection(NestedProjects) = preSolution
		{B1DF6F0A-585C-4C1A-864A-5F03FD3BBE2D} = {D089826F-A431-4376-B4C9-C916AE7D224C}
		{D921B652-FD2D-4289-9347-6DE81D685A5C} = {D089826F-A431-4376-B4C9-C916AE7D224C}
		{3C45F9DC-58A4-42C6-A53A-CEA047728462} = {D089826F-A431-4376-B4C9-C916AE7D224C}
		{CA00A6B4-546F-47AF-BB2C-CCC2AA1C73F8} = {D089826F-A431-4376-B4C9-C916AE7D224C}
		{155A04DA-1939-4B1E-A8C2-90E120591DBC} = {B1DF6F0A-585C-4C1A-864A-5F03FD3BBE2D}
		{A3290B02-1729-4512-84F4-3732CF0C463B} = {B1DF6F0A-585C-4C1A-864A-5F03FD3BBE2D}
		{F65517E0-5F4D-4D4F-80A8-B48938654FEC} = {B1DF6F0A-585C-4C1A-864A-5F03FD3BBE2D}
		{BF963A63-6D57-4A12-A24A-C82D296C4E3A} = {D921B652-FD2D-4289-9347-6DE81D685A5C}
		{0A6BAF0B-E4A4-420F-94C5-C7DEE318048F} = {3C45F9DC-58A4-42C6-A53A-CEA047728462}
		{EA096F36-9B32-47DE-A22D-7B9DDB75F17D} = {CA00A6B4-546F-47AF-BB2C-CCC2AA1C73F8}
		{1D68867C-E2AD-45CA-B8A7-B8A17FB35380} = {CA00A6B4-546F-47AF-BB2C-CCC2AA1C73F8}
	EndGlobalSection
	GlobalSection(SolutionProperties) = preSolution
		HideSolutionNode = FALSE
	EndGlobalSection
EndGlobal
